{
  "requires": true,
  "lockfileVersion": 1,
  "dependencies": {
    "core-js": {
      "version": "3.22.5",
      "resolved": "https://registry.npmjs.org/core-js/-/core-js-3.22.5.tgz",
      "integrity": "sha512-VP/xYuvJ0MJWRAobcmQ8F2H6Bsn+s7zqAAjFaHGBMc5AQm7zaelhD1LGduFn2EehEcQcU+br6t+fwbpQ5d1ZWA=="
    },
    "excalibur": {
      "version": "0.26.0",
      "resolved": "https://registry.npmjs.org/excalibur/-/excalibur-0.26.0.tgz",
      "integrity": "sha512-TbQ9K/RA99CJW8ksTpgxVbg3hECv3hk+tTgovltL0oba4WuoXlL0DY9hWuoID5G9wbpVJiXiE8dA0Wyfd8ksfg==",
      "requires": {
        "core-js": "3.22.5"
      }
    }
  }
}
